
Microsoft Visual Studio Solution File, Format Version 12.00
# Visual Studio 14
VisualStudioVersion = 14.0.24720.0
MinimumVisualStudioVersion = 10.0.40219.1
Project("{FAE04EC0-301F-11D3-BF4B-00C04F79EFBC}") = "WMS", "WMS\WMS.csproj", "{C906FBCA-0A48-4032-A55B-3008F3B8662B}"
	ProjectSection(ProjectDependencies) = postProject
		{9B1DD630-D979-4479-B473-ABB91C290309} = {9B1DD630-D979-4479-B473-ABB91C290309}
		{B3D625D8-BAE7-4329-B593-D42CF385E206} = {B3D625D8-BAE7-4329-B593-D42CF385E206}
	EndProjectSection
EndProject
Project("{FAE04EC0-301F-11D3-BF4B-00C04F79EFBC}") = "Entities", "Entities\Entities.csproj", "{B3D625D8-BAE7-4329-B593-D42CF385E206}"
EndProject
Project("{FAE04EC0-301F-11D3-BF4B-00C04F79EFBC}") = "Data", "Data\Data.csproj", "{9B1DD630-D979-4479-B473-ABB91C290309}"
	ProjectSection(ProjectDependencies) = postProject
		{B3D625D8-BAE7-4329-B593-D42CF385E206} = {B3D625D8-BAE7-4329-B593-D42CF385E206}
	EndProjectSection
EndProject
Global
	GlobalSection(SolutionConfigurationPlatforms) = preSolution
		Debug|Any CPU = Debug|Any CPU
		Release|Any CPU = Release|Any CPU
	EndGlobalSection
	GlobalSection(ProjectConfigurationPlatforms) = postSolution
		{C906FBCA-0A48-4032-A55B-3008F3B8662B}.Debug|Any CPU.ActiveCfg = Debug|Any CPU
		{C906FBCA-0A48-4032-A55B-3008F3B8662B}.Debug|Any CPU.Build.0 = Debug|Any CPU
		{C906FBCA-0A48-4032-A55B-3008F3B8662B}.Release|Any CPU.ActiveCfg = Release|Any CPU
		{C906FBCA-0A48-4032-A55B-3008F3B8662B}.Release|Any CPU.Build.0 = Release|Any CPU
		{B3D625D8-BAE7-4329-B593-D42CF385E206}.Debug|Any CPU.ActiveCfg = Debug|Any CPU
		{B3D625D8-BAE7-4329-B593-D42CF385E206}.Debug|Any CPU.Build.0 = Debug|Any CPU
		{B3D625D8-BAE7-4329-B593-D42CF385E206}.Release|Any CPU.ActiveCfg = Release|Any CPU
		{B3D625D8-BAE7-4329-B593-D42CF385E206}.Release|Any CPU.Build.0 = Release|Any CPU
		{9B1DD630-D979-4479-B473-ABB91C290309}.Debug|Any CPU.ActiveCfg = Debug|Any CPU
		{9B1DD630-D979-4479-B473-ABB91C290309}.Debug|Any CPU.Build.0 = Debug|Any CPU
		{9B1DD630-D979-4479-B473-ABB91C290309}.Release|Any CPU.ActiveCfg = Release|Any CPU
		{9B1DD630-D979-4479-B473-ABB91C290309}.Release|Any CPU.Build.0 = Release|Any CPU
	EndGlobalSection
	GlobalSection(SolutionProperties) = preSolution
		HideSolutionNode = FALSE
	EndGlobalSection
	GlobalSection(TeamFoundationVersionControl) = preSolution
		SccNumberOfProjects = 4
		SccEnterpriseProvider = {4CA58AB2-18FA-4F8D-95D4-32DDF27D184C}
		SccTeamFoundationServer = https://sambateam.visualstudio.com/defaultcollection
		SccLocalPath0 = .
		SccProjectUniqueName1 = Data\\Data.csproj
		SccProjectName1 = Data
		SccLocalPath1 = Data
		SccProjectUniqueName2 = Entities\\Entities.csproj
		SccProjectName2 = Entities
		SccLocalPath2 = Entities
		SccProjectUniqueName3 = WMS\\WMS.csproj
		SccProjectName3 = WMS
		SccLocalPath3 = WMS
	EndGlobalSection
EndGlobal
